// !$*UTF8*$!
{
	archiveVersion = 1;
	classes = {
	};
	objectVersion = 48;
	objects = {

/* Begin PBXBuildFile section */
		2FA920651FC3FFB2007312B7 /* BLEListSpec.swift in Sources */ = {isa = PBXBuildFile; fileRef = 2FA920641FC3FFB2007312B7 /* BLEListSpec.swift */; };
		2FA920661FC3FFB2007312B7 /* BLEListSpec.swift in Sources */ = {isa = PBXBuildFile; fileRef = 2FA920641FC3FFB2007312B7 /* BLEListSpec.swift */; };
		2FA920681FC52D86007312B7 /* BLEListState.swift in Sources */ = {isa = PBXBuildFile; fileRef = 2FA920671FC52D86007312B7 /* BLEListState.swift */; };
		2FA920691FC52D86007312B7 /* BLEListState.swift in Sources */ = {isa = PBXBuildFile; fileRef = 2FA920671FC52D86007312B7 /* BLEListState.swift */; };
		2FA9206A1FC52D86007312B7 /* BLEListState.swift in Sources */ = {isa = PBXBuildFile; fileRef = 2FA920671FC52D86007312B7 /* BLEListState.swift */; };
		2FA9206C1FC53022007312B7 /* main.swift in Sources */ = {isa = PBXBuildFile; fileRef = 2FA9206B1FC53022007312B7 /* main.swift */; };
		2FC701331FC3DD3900368009 /* AppDelegate.swift in Sources */ = {isa = PBXBuildFile; fileRef = 2FC701321FC3DD3900368009 /* AppDelegate.swift */; };
		2FC701351FC3DD3900368009 /* ViewController.swift in Sources */ = {isa = PBXBuildFile; fileRef = 2FC701341FC3DD3900368009 /* ViewController.swift */; };
		2FC701381FC3DD3900368009 /* Main.storyboard in Resources */ = {isa = PBXBuildFile; fileRef = 2FC701361FC3DD3900368009 /* Main.storyboard */; };
		2FC7013A1FC3DD3900368009 /* Assets.xcassets in Resources */ = {isa = PBXBuildFile; fileRef = 2FC701391FC3DD3900368009 /* Assets.xcassets */; };
		2FC7013D1FC3DD3900368009 /* LaunchScreen.storyboard in Resources */ = {isa = PBXBuildFile; fileRef = 2FC7013B1FC3DD3900368009 /* LaunchScreen.storyboard */; };
		749A87F6CFAB0BCD211CA93B /* Pods_CleanArchitectureCLITests.framework in Frameworks */ = {isa = PBXBuildFile; fileRef = 411AED40A4EF6E4D026AC8A8 /* Pods_CleanArchitectureCLITests.framework */; };
		A50CC4CCBC943F485823606F /* Pods_CleanArchitectureSampleTests.framework in Frameworks */ = {isa = PBXBuildFile; fileRef = B01EBD296019AC6FBF09B1E7 /* Pods_CleanArchitectureSampleTests.framework */; };
/* End PBXBuildFile section */

/* Begin PBXCopyFilesBuildPhase section */
		2FA9204E1FC3EFA9007312B7 /* CopyFiles */ = {
			isa = PBXCopyFilesBuildPhase;
			buildActionMask = 2147483647;
			dstPath = /usr/share/man/man1/;
			dstSubfolderSpec = 0;
			files = (
			);
			runOnlyForDeploymentPostprocessing = 1;
		};
/* End PBXCopyFilesBuildPhase section */

/* Begin PBXFileReference section */
		2585733C5CAC1080D09CA59E /* Pods-CleanArchitectureSampleTests.release.xcconfig */ = {isa = PBXFileReference; includeInIndex = 1; lastKnownFileType = text.xcconfig; name = "Pods-CleanArchitectureSampleTests.release.xcconfig"; path = "Pods/Target Support Files/Pods-CleanArchitectureSampleTests/Pods-CleanArchitectureSampleTests.release.xcconfig"; sourceTree = "<group>"; };
		2F0F89A61FC3E0D000CBDBDE /* CleanArchitectureSampleTests.xctest */ = {isa = PBXFileReference; explicitFileType = wrapper.cfbundle; includeInIndex = 0; path = CleanArchitectureSampleTests.xctest; sourceTree = BUILT_PRODUCTS_DIR; };
		2F0F89AA1FC3E0D000CBDBDE /* Info.plist */ = {isa = PBXFileReference; lastKnownFileType = text.plist.xml; path = Info.plist; sourceTree = "<group>"; };
		2FA920501FC3EFA9007312B7 /* CleanArchitectureCLI */ = {isa = PBXFileReference; explicitFileType = "compiled.mach-o.executable"; includeInIndex = 0; path = CleanArchitectureCLI; sourceTree = BUILT_PRODUCTS_DIR; };
		2FA9205B1FC3EFC1007312B7 /* CleanArchitectureCLITests.xctest */ = {isa = PBXFileReference; explicitFileType = wrapper.cfbundle; includeInIndex = 0; path = CleanArchitectureCLITests.xctest; sourceTree = BUILT_PRODUCTS_DIR; };
		2FA9205F1FC3EFC1007312B7 /* Info.plist */ = {isa = PBXFileReference; lastKnownFileType = text.plist.xml; path = Info.plist; sourceTree = "<group>"; };
		2FA920641FC3FFB2007312B7 /* BLEListSpec.swift */ = {isa = PBXFileReference; lastKnownFileType = sourcecode.swift; path = BLEListSpec.swift; sourceTree = "<group>"; };
		2FA920671FC52D86007312B7 /* BLEListState.swift */ = {isa = PBXFileReference; lastKnownFileType = sourcecode.swift; path = BLEListState.swift; sourceTree = "<group>"; };
		2FA9206B1FC53022007312B7 /* main.swift */ = {isa = PBXFileReference; lastKnownFileType = sourcecode.swift; path = main.swift; sourceTree = "<group>"; };
		2FC7012F1FC3DD3900368009 /* CleanArchitectureSample.app */ = {isa = PBXFileReference; explicitFileType = wrapper.application; includeInIndex = 0; path = CleanArchitectureSample.app; sourceTree = BUILT_PRODUCTS_DIR; };
		2FC701321FC3DD3900368009 /* AppDelegate.swift */ = {isa = PBXFileReference; lastKnownFileType = sourcecode.swift; path = AppDelegate.swift; sourceTree = "<group>"; };
		2FC701341FC3DD3900368009 /* ViewController.swift */ = {isa = PBXFileReference; lastKnownFileType = sourcecode.swift; path = ViewController.swift; sourceTree = "<group>"; };
		2FC701371FC3DD3900368009 /* Base */ = {isa = PBXFileReference; lastKnownFileType = file.storyboard; name = Base; path = Base.lproj/Main.storyboard; sourceTree = "<group>"; };
		2FC701391FC3DD3900368009 /* Assets.xcassets */ = {isa = PBXFileReference; lastKnownFileType = folder.assetcatalog; path = Assets.xcassets; sourceTree = "<group>"; };
		2FC7013C1FC3DD3900368009 /* Base */ = {isa = PBXFileReference; lastKnownFileType = file.storyboard; name = Base; path = Base.lproj/LaunchScreen.storyboard; sourceTree = "<group>"; };
		2FC7013E1FC3DD3900368009 /* Info.plist */ = {isa = PBXFileReference; lastKnownFileType = text.plist.xml; path = Info.plist; sourceTree = "<group>"; };
		411AED40A4EF6E4D026AC8A8 /* Pods_CleanArchitectureCLITests.framework */ = {isa = PBXFileReference; explicitFileType = wrapper.framework; includeInIndex = 0; path = Pods_CleanArchitectureCLITests.framework; sourceTree = BUILT_PRODUCTS_DIR; };
		55F613B29C5BB0B290EAD44C /* Pods-CleanArchitectureCLITests.debug.xcconfig */ = {isa = PBXFileReference; includeInIndex = 1; lastKnownFileType = text.xcconfig; name = "Pods-CleanArchitectureCLITests.debug.xcconfig"; path = "Pods/Target Support Files/Pods-CleanArchitectureCLITests/Pods-CleanArchitectureCLITests.debug.xcconfig"; sourceTree = "<group>"; };
		857A414F861CCCC1DEF9A288 /* Pods-CleanArchitectureCLITests.release.xcconfig */ = {isa = PBXFileReference; includeInIndex = 1; lastKnownFileType = text.xcconfig; name = "Pods-CleanArchitectureCLITests.release.xcconfig"; path = "Pods/Target Support Files/Pods-CleanArchitectureCLITests/Pods-CleanArchitectureCLITests.release.xcconfig"; sourceTree = "<group>"; };
		B01EBD296019AC6FBF09B1E7 /* Pods_CleanArchitectureSampleTests.framework */ = {isa = PBXFileReference; explicitFileType = wrapper.framework; includeInIndex = 0; path = Pods_CleanArchitectureSampleTests.framework; sourceTree = BUILT_PRODUCTS_DIR; };
		E9C4EA757943D73A9B777452 /* Pods-CleanArchitectureSampleTests.debug.xcconfig */ = {isa = PBXFileReference; includeInIndex = 1; lastKnownFileType = text.xcconfig; name = "Pods-CleanArchitectureSampleTests.debug.xcconfig"; path = "Pods/Target Support Files/Pods-CleanArchitectureSampleTests/Pods-CleanArchitectureSampleTests.debug.xcconfig"; sourceTree = "<group>"; };
/* End PBXFileReference section */

/* Begin PBXFrameworksBuildPhase section */
		2F0F89A31FC3E0D000CBDBDE /* Frameworks */ = {
			isa = PBXFrameworksBuildPhase;
			buildActionMask = 2147483647;
			files = (
				A50CC4CCBC943F485823606F /* Pods_CleanArchitectureSampleTests.framework in Frameworks */,
			);
			runOnlyForDeploymentPostprocessing = 0;
		};
		2FA9204D1FC3EFA9007312B7 /* Frameworks */ = {
			isa = PBXFrameworksBuildPhase;
			buildActionMask = 2147483647;
			files = (
			);
			runOnlyForDeploymentPostprocessing = 0;
		};
		2FA920581FC3EFC1007312B7 /* Frameworks */ = {
			isa = PBXFrameworksBuildPhase;
			buildActionMask = 2147483647;
			files = (
				749A87F6CFAB0BCD211CA93B /* Pods_CleanArchitectureCLITests.framework in Frameworks */,
			);
			runOnlyForDeploymentPostprocessing = 0;
		};
		2FC7012C1FC3DD3900368009 /* Frameworks */ = {
			isa = PBXFrameworksBuildPhase;
			buildActionMask = 2147483647;
			files = (
			);
			runOnlyForDeploymentPostprocessing = 0;
		};
/* End PBXFrameworksBuildPhase section */

/* Begin PBXGroup section */
		001DB9687373CAB7EE8A5350 /* Frameworks */ = {
			isa = PBXGroup;
			children = (
				411AED40A4EF6E4D026AC8A8 /* Pods_CleanArchitectureCLITests.framework */,
				B01EBD296019AC6FBF09B1E7 /* Pods_CleanArchitectureSampleTests.framework */,
			);
			name = Frameworks;
			sourceTree = "<group>";
		};
		2F0F89A71FC3E0D000CBDBDE /* CleanArchitectureSampleTests */ = {
			isa = PBXGroup;
			children = (
				2F0F89AA1FC3E0D000CBDBDE /* Info.plist */,
			);
			path = CleanArchitectureSampleTests;
			sourceTree = "<group>";
		};
		2FA9205C1FC3EFC1007312B7 /* CleanArchitectureCLITests */ = {
			isa = PBXGroup;
			children = (
				2FA9205F1FC3EFC1007312B7 /* Info.plist */,
				2FA9206B1FC53022007312B7 /* main.swift */,
			);
			path = CleanArchitectureCLITests;
			sourceTree = "<group>";
		};
		2FA920631FC3FF59007312B7 /* ViewBLEList */ = {
			isa = PBXGroup;
			children = (
				2FA920641FC3FFB2007312B7 /* BLEListSpec.swift */,
				2FA920671FC52D86007312B7 /* BLEListState.swift */,
			);
			path = ViewBLEList;
			sourceTree = "<group>";
		};
		2FC701261FC3DD3900368009 = {
			isa = PBXGroup;
			children = (
				2FC701311FC3DD3900368009 /* CleanArchitectureSample */,
				2F0F89A71FC3E0D000CBDBDE /* CleanArchitectureSampleTests */,
				2FA9205C1FC3EFC1007312B7 /* CleanArchitectureCLITests */,
				2FC701301FC3DD3900368009 /* Products */,
				931415C56AD8009E77A821A1 /* Pods */,
				001DB9687373CAB7EE8A5350 /* Frameworks */,
			);
			sourceTree = "<group>";
		};
		2FC701301FC3DD3900368009 /* Products */ = {
			isa = PBXGroup;
			children = (
				2FC7012F1FC3DD3900368009 /* CleanArchitectureSample.app */,
				2F0F89A61FC3E0D000CBDBDE /* CleanArchitectureSampleTests.xctest */,
				2FA920501FC3EFA9007312B7 /* CleanArchitectureCLI */,
				2FA9205B1FC3EFC1007312B7 /* CleanArchitectureCLITests.xctest */,
			);
			name = Products;
			sourceTree = "<group>";
		};
		2FC701311FC3DD3900368009 /* CleanArchitectureSample */ = {
			isa = PBXGroup;
			children = (
				2FA920631FC3FF59007312B7 /* ViewBLEList */,
				2FC701321FC3DD3900368009 /* AppDelegate.swift */,
				2FC701341FC3DD3900368009 /* ViewController.swift */,
				2FC701361FC3DD3900368009 /* Main.storyboard */,
				2FC701391FC3DD3900368009 /* Assets.xcassets */,
				2FC7013B1FC3DD3900368009 /* LaunchScreen.storyboard */,
				2FC7013E1FC3DD3900368009 /* Info.plist */,
			);
			path = CleanArchitectureSample;
			sourceTree = "<group>";
		};
		931415C56AD8009E77A821A1 /* Pods */ = {
			isa = PBXGroup;
			children = (
				55F613B29C5BB0B290EAD44C /* Pods-CleanArchitectureCLITests.debug.xcconfig */,
				857A414F861CCCC1DEF9A288 /* Pods-CleanArchitectureCLITests.release.xcconfig */,
				E9C4EA757943D73A9B777452 /* Pods-CleanArchitectureSampleTests.debug.xcconfig */,
				2585733C5CAC1080D09CA59E /* Pods-CleanArchitectureSampleTests.release.xcconfig */,
			);
			name = Pods;
			sourceTree = "<group>";
		};
/* End PBXGroup section */

/* Begin PBXNativeTarget section */
		2F0F89A51FC3E0D000CBDBDE /* CleanArchitectureSampleTests */ = {
			isa = PBXNativeTarget;
			buildConfigurationList = 2F0F89AF1FC3E0D000CBDBDE /* Build configuration list for PBXNativeTarget "CleanArchitectureSampleTests" */;
			buildPhases = (
				64E5384F1DF6587CE4C228F8 /* [CP] Check Pods Manifest.lock */,
				2F0F89A21FC3E0D000CBDBDE /* Sources */,
				2F0F89A31FC3E0D000CBDBDE /* Frameworks */,
				2F0F89A41FC3E0D000CBDBDE /* Resources */,
				017F1AB3321509AD1B8DEF8B /* [CP] Embed Pods Frameworks */,
				92E68D0131000967274E3A77 /* [CP] Copy Pods Resources */,
			);
			buildRules = (
			);
			dependencies = (
			);
			name = CleanArchitectureSampleTests;
			productName = CleanArchitectureSampleTests;
			productReference = 2F0F89A61FC3E0D000CBDBDE /* CleanArchitectureSampleTests.xctest */;
			productType = "com.apple.product-type.bundle.unit-test";
		};
		2FA9204F1FC3EFA9007312B7 /* CleanArchitectureCLI */ = {
			isa = PBXNativeTarget;
			buildConfigurationList = 2FA920561FC3EFA9007312B7 /* Build configuration list for PBXNativeTarget "CleanArchitectureCLI" */;
			buildPhases = (
				2FA9204C1FC3EFA9007312B7 /* Sources */,
				2FA9204D1FC3EFA9007312B7 /* Frameworks */,
				2FA9204E1FC3EFA9007312B7 /* CopyFiles */,
			);
			buildRules = (
			);
			dependencies = (
			);
			name = CleanArchitectureCLI;
			productName = CleanArchitectureCLI;
			productReference = 2FA920501FC3EFA9007312B7 /* CleanArchitectureCLI */;
			productType = "com.apple.product-type.tool";
		};
		2FA9205A1FC3EFC1007312B7 /* CleanArchitectureCLITests */ = {
			isa = PBXNativeTarget;
			buildConfigurationList = 2FA920601FC3EFC1007312B7 /* Build configuration list for PBXNativeTarget "CleanArchitectureCLITests" */;
			buildPhases = (
				AB98D068886C11D0178F60E4 /* [CP] Check Pods Manifest.lock */,
				2FA920571FC3EFC1007312B7 /* Sources */,
				2FA920581FC3EFC1007312B7 /* Frameworks */,
				2FA920591FC3EFC1007312B7 /* Resources */,
				5F08C70D6EDDCFE31ABF5003 /* [CP] Embed Pods Frameworks */,
				8A30062BD355398E8D7E7262 /* [CP] Copy Pods Resources */,
			);
			buildRules = (
			);
			dependencies = (
			);
			name = CleanArchitectureCLITests;
			productName = CleanArchitectureCLITests;
			productReference = 2FA9205B1FC3EFC1007312B7 /* CleanArchitectureCLITests.xctest */;
			productType = "com.apple.product-type.bundle.unit-test";
		};
		2FC7012E1FC3DD3900368009 /* CleanArchitectureSample */ = {
			isa = PBXNativeTarget;
			buildConfigurationList = 2FC701411FC3DD3900368009 /* Build configuration list for PBXNativeTarget "CleanArchitectureSample" */;
			buildPhases = (
				2FC7012B1FC3DD3900368009 /* Sources */,
				2FC7012C1FC3DD3900368009 /* Frameworks */,
				2FC7012D1FC3DD3900368009 /* Resources */,
			);
			buildRules = (
			);
			dependencies = (
			);
			name = CleanArchitectureSample;
			productName = CleanArchitectureSample;
			productReference = 2FC7012F1FC3DD3900368009 /* CleanArchitectureSample.app */;
			productType = "com.apple.product-type.application";
		};
/* End PBXNativeTarget section */

/* Begin PBXProject section */
		2FC701271FC3DD3900368009 /* Project object */ = {
			isa = PBXProject;
			attributes = {
				LastSwiftUpdateCheck = 0910;
				LastUpgradeCheck = 0910;
				ORGANIZATIONNAME = "Tyler Casselman";
				TargetAttributes = {
					2F0F89A51FC3E0D000CBDBDE = {
						CreatedOnToolsVersion = 9.1;
						LastSwiftMigration = 0910;
						ProvisioningStyle = Automatic;
					};
					2FA9204F1FC3EFA9007312B7 = {
						CreatedOnToolsVersion = 9.1;
						LastSwiftMigration = 0910;
						ProvisioningStyle = Automatic;
					};
					2FA9205A1FC3EFC1007312B7 = {
						CreatedOnToolsVersion = 9.1;
						LastSwiftMigration = 0910;
						ProvisioningStyle = Automatic;
					};
					2FC7012E1FC3DD3900368009 = {
						CreatedOnToolsVersion = 9.1;
						ProvisioningStyle = Automatic;
					};
				};
			};
			buildConfigurationList = 2FC7012A1FC3DD3900368009 /* Build configuration list for PBXProject "CleanArchitectureSample" */;
			compatibilityVersion = "Xcode 8.0";
			developmentRegion = en;
			hasScannedForEncodings = 0;
			knownRegions = (
				en,
				Base,
			);
			mainGroup = 2FC701261FC3DD3900368009;
			productRefGroup = 2FC701301FC3DD3900368009 /* Products */;
			projectDirPath = "";
			projectRoot = "";
			targets = (
				2FC7012E1FC3DD3900368009 /* CleanArchitectureSample */,
				2F0F89A51FC3E0D000CBDBDE /* CleanArchitectureSampleTests */,
				2FA9204F1FC3EFA9007312B7 /* CleanArchitectureCLI */,
				2FA9205A1FC3EFC1007312B7 /* CleanArchitectureCLITests */,
			);
		};
/* End PBXProject section */

/* Begin PBXResourcesBuildPhase section */
		2F0F89A41FC3E0D000CBDBDE /* Resources */ = {
			isa = PBXResourcesBuildPhase;
			buildActionMask = 2147483647;
			files = (
			);
			runOnlyForDeploymentPostprocessing = 0;
		};
		2FA920591FC3EFC1007312B7 /* Resources */ = {
			isa = PBXResourcesBuildPhase;
			buildActionMask = 2147483647;
			files = (
			);
			runOnlyForDeploymentPostprocessing = 0;
		};
		2FC7012D1FC3DD3900368009 /* Resources */ = {
			isa = PBXResourcesBuildPhase;
			buildActionMask = 2147483647;
			files = (
				2FC7013D1FC3DD3900368009 /* LaunchScreen.storyboard in Resources */,
				2FC7013A1FC3DD3900368009 /* Assets.xcassets in Resources */,
				2FC701381FC3DD3900368009 /* Main.storyboard in Resources */,
			);
			runOnlyForDeploymentPostprocessing = 0;
		};
/* End PBXResourcesBuildPhase section */

/* Begin PBXShellScriptBuildPhase section */
		017F1AB3321509AD1B8DEF8B /* [CP] Embed Pods Frameworks */ = {
			isa = PBXShellScriptBuildPhase;
			buildActionMask = 2147483647;
			files = (
			);
			inputPaths = (
				"${SRCROOT}/Pods/Target Support Files/Pods-CleanArchitectureSampleTests/Pods-CleanArchitectureSampleTests-frameworks.sh",
				"${BUILT_PRODUCTS_DIR}/Nimble-iOS/Nimble.framework",
				"${BUILT_PRODUCTS_DIR}/Quick-iOS/Quick.framework",
			);
			name = "[CP] Embed Pods Frameworks";
			outputPaths = (
				"${TARGET_BUILD_DIR}/${FRAMEWORKS_FOLDER_PATH}/Nimble.framework",
				"${TARGET_BUILD_DIR}/${FRAMEWORKS_FOLDER_PATH}/Quick.framework",
			);
			runOnlyForDeploymentPostprocessing = 0;
			shellPath = /bin/sh;
			shellScript = "\"${SRCROOT}/Pods/Target Support Files/Pods-CleanArchitectureSampleTests/Pods-CleanArchitectureSampleTests-frameworks.sh\"\n";
			showEnvVarsInLog = 0;
		};
		5F08C70D6EDDCFE31ABF5003 /* [CP] Embed Pods Frameworks */ = {
			isa = PBXShellScriptBuildPhase;
			buildActionMask = 2147483647;
			files = (
			);
			inputPaths = (
				"${SRCROOT}/Pods/Target Support Files/Pods-CleanArchitectureCLITests/Pods-CleanArchitectureCLITests-frameworks.sh",
				"${BUILT_PRODUCTS_DIR}/Nimble-macOS/Nimble.framework",
				"${BUILT_PRODUCTS_DIR}/Quick-macOS/Quick.framework",
			);
			name = "[CP] Embed Pods Frameworks";
			outputPaths = (
				"${TARGET_BUILD_DIR}/${FRAMEWORKS_FOLDER_PATH}/Nimble.framework",
				"${TARGET_BUILD_DIR}/${FRAMEWORKS_FOLDER_PATH}/Quick.framework",
			);
			runOnlyForDeploymentPostprocessing = 0;
			shellPath = /bin/sh;
			shellScript = "\"${SRCROOT}/Pods/Target Support Files/Pods-CleanArchitectureCLITests/Pods-CleanArchitectureCLITests-frameworks.sh\"\n";
			showEnvVarsInLog = 0;
		};
		64E5384F1DF6587CE4C228F8 /* [CP] Check Pods Manifest.lock */ = {
			isa = PBXShellScriptBuildPhase;
			buildActionMask = 2147483647;
			files = (
			);
			inputPaths = (
				"${PODS_PODFILE_DIR_PATH}/Podfile.lock",
				"${PODS_ROOT}/Manifest.lock",
			);
			name = "[CP] Check Pods Manifest.lock";
			outputPaths = (
				"$(DERIVED_FILE_DIR)/Pods-CleanArchitectureSampleTests-checkManifestLockResult.txt",
			);
			runOnlyForDeploymentPostprocessing = 0;
			shellPath = /bin/sh;
			shellScript = "diff \"${PODS_PODFILE_DIR_PATH}/Podfile.lock\" \"${PODS_ROOT}/Manifest.lock\" > /dev/null\nif [ $? != 0 ] ; then\n    # print error to STDERR\n    echo \"error: The sandbox is not in sync with the Podfile.lock. Run 'pod install' or update your CocoaPods installation.\" >&2\n    exit 1\nfi\n# This output is used by Xcode 'outputs' to avoid re-running this script phase.\necho \"SUCCESS\" > \"${SCRIPT_OUTPUT_FILE_0}\"\n";
			showEnvVarsInLog = 0;
		};
		8A30062BD355398E8D7E7262 /* [CP] Copy Pods Resources */ = {
			isa = PBXShellScriptBuildPhase;
			buildActionMask = 2147483647;
			files = (
			);
			inputPaths = (
			);
			name = "[CP] Copy Pods Resources";
			outputPaths = (
			);
			runOnlyForDeploymentPostprocessing = 0;
			shellPath = /bin/sh;
			shellScript = "\"${SRCROOT}/Pods/Target Support Files/Pods-CleanArchitectureCLITests/Pods-CleanArchitectureCLITests-resources.sh\"\n";
			showEnvVarsInLog = 0;
		};
		92E68D0131000967274E3A77 /* [CP] Copy Pods Resources */ = {
			isa = PBXShellScriptBuildPhase;
			buildActionMask = 2147483647;
			files = (
			);
			inputPaths = (
			);
			name = "[CP] Copy Pods Resources";
			outputPaths = (
			);
			runOnlyForDeploymentPostprocessing = 0;
			shellPath = /bin/sh;
			shellScript = "\"${SRCROOT}/Pods/Target Support Files/Pods-CleanArchitectureSampleTests/Pods-CleanArchitectureSampleTests-resources.sh\"\n";
			showEnvVarsInLog = 0;
		};
		AB98D068886C11D0178F60E4 /* [CP] Check Pods Manifest.lock */ = {
			isa = PBXShellScriptBuildPhase;
			buildActionMask = 2147483647;
			files = (
			);
			inputPaths = (
				"${PODS_PODFILE_DIR_PATH}/Podfile.lock",
				"${PODS_ROOT}/Manifest.lock",
			);
			name = "[CP] Check Pods Manifest.lock";
			outputPaths = (
				"$(DERIVED_FILE_DIR)/Pods-CleanArchitectureCLITests-checkManifestLockResult.txt",
			);
			runOnlyForDeploymentPostprocessing = 0;
			shellPath = /bin/sh;
			shellScript = "diff \"${PODS_PODFILE_DIR_PATH}/Podfile.lock\" \"${PODS_ROOT}/Manifest.lock\" > /dev/null\nif [ $? != 0 ] ; then\n    # print error to STDERR\n    echo \"error: The sandbox is not in sync with the Podfile.lock. Run 'pod install' or update your CocoaPods installation.\" >&2\n    exit 1\nfi\n# This output is used by Xcode 'outputs' to avoid re-running this script phase.\necho \"SUCCESS\" > \"${SCRIPT_OUTPUT_FILE_0}\"\n";
			showEnvVarsInLog = 0;
		};
/* End PBXShellScriptBuildPhase section */

/* Begin PBXSourcesBuildPhase section */
		2F0F89A21FC3E0D000CBDBDE /* Sources */ = {
			isa = PBXSourcesBuildPhase;
			buildActionMask = 2147483647;
			files = (
				2FA920651FC3FFB2007312B7 /* BLEListSpec.swift in Sources */,
			);
			runOnlyForDeploymentPostprocessing = 0;
		};
		2FA9204C1FC3EFA9007312B7 /* Sources */ = {
			isa = PBXSourcesBuildPhase;
			buildActionMask = 2147483647;
			files = (
				2FA9206C1FC53022007312B7 /* main.swift in Sources */,
				2FA920691FC52D86007312B7 /* BLEListState.swift in Sources */,
			);
			runOnlyForDeploymentPostprocessing = 0;
		};
		2FA920571FC3EFC1007312B7 /* Sources */ = {
			isa = PBXSourcesBuildPhase;
			buildActionMask = 2147483647;
			files = (
				2FA920661FC3FFB2007312B7 /* BLEListSpec.swift in Sources */,
				2FA9206A1FC52D86007312B7 /* BLEListState.swift in Sources */,
			);
			runOnlyForDeploymentPostprocessing = 0;
		};
		2FC7012B1FC3DD3900368009 /* Sources */ = {
			isa = PBXSourcesBuildPhase;
			buildActionMask = 2147483647;
			files = (
				2FC701351FC3DD3900368009 /* ViewController.swift in Sources */,
				2FC701331FC3DD3900368009 /* AppDelegate.swift in Sources */,
				2FA920681FC52D86007312B7 /* BLEListState.swift in Sources */,
			);
			runOnlyForDeploymentPostprocessing = 0;
		};
/* End PBXSourcesBuildPhase section */

/* Begin PBXVariantGroup section */
		2FC701361FC3DD3900368009 /* Main.storyboard */ = {
			isa = PBXVariantGroup;
			children = (
				2FC701371FC3DD3900368009 /* Base */,
			);
			name = Main.storyboard;
			sourceTree = "<group>";
		};
		2FC7013B1FC3DD3900368009 /* LaunchScreen.storyboard */ = {
			isa = PBXVariantGroup;
			children = (
				2FC7013C1FC3DD3900368009 /* Base */,
			);
			name = LaunchScreen.storyboard;
			sourceTree = "<group>";
		};
/* End PBXVariantGroup section */

/* Begin XCBuildConfiguration section */
		2F0F89AD1FC3E0D000CBDBDE /* Debug */ = {
			isa = XCBuildConfiguration;
			baseConfigurationReference = E9C4EA757943D73A9B777452 /* Pods-CleanArchitectureSampleTests.debug.xcconfig */;
			buildSettings = {
				CLANG_ENABLE_MODULES = YES;
				CODE_SIGN_STYLE = Automatic;
				INFOPLIST_FILE = CleanArchitectureSampleTests/Info.plist;
				LD_RUNPATH_SEARCH_PATHS = "$(inherited) @executable_path/Frameworks @loader_path/Frameworks";
				PRODUCT_BUNDLE_IDENTIFIER = io.13bit.CleanArchitectureSampleTests;
				PRODUCT_NAME = "$(TARGET_NAME)";
				SWIFT_OPTIMIZATION_LEVEL = "-Onone";
				SWIFT_VERSION = 4.0;
				TARGETED_DEVICE_FAMILY = "1,2";
			};
			name = Debug;
		};
		2F0F89AE1FC3E0D000CBDBDE /* Release */ = {
			isa = XCBuildConfiguration;
			baseConfigurationReference = 2585733C5CAC1080D09CA59E /* Pods-CleanArchitectureSampleTests.release.xcconfig */;
			buildSettings = {
				CLANG_ENABLE_MODULES = YES;
				CODE_SIGN_STYLE = Automatic;
				INFOPLIST_FILE = CleanArchitectureSampleTests/Info.plist;
				LD_RUNPATH_SEARCH_PATHS = "$(inherited) @executable_path/Frameworks @loader_path/Frameworks";
				PRODUCT_BUNDLE_IDENTIFIER = io.13bit.CleanArchitectureSampleTests;
				PRODUCT_NAME = "$(TARGET_NAME)";
				SWIFT_VERSION = 4.0;
				TARGETED_DEVICE_FAMILY = "1,2";
			};
			name = Release;
		};
		2FA920541FC3EFA9007312B7 /* Debug */ = {
			isa = XCBuildConfiguration;
			buildSettings = {
				CLANG_ENABLE_MODULES = YES;
				CODE_SIGN_IDENTITY = "Mac Developer";
				CODE_SIGN_STYLE = Automatic;
				DEVELOPMENT_TEAM = NQS38S6PZY;
				LD_RUNPATH_SEARCH_PATHS = "$(inherited) @executable_path/../Frameworks @loader_path/../Frameworks";
				MACOSX_DEPLOYMENT_TARGET = 10.13;
				PRODUCT_NAME = "$(TARGET_NAME)";
				SDKROOT = macosx;
				SWIFT_OPTIMIZATION_LEVEL = "-Onone";
				SWIFT_VERSION = 4.0;
			};
			name = Debug;
		};
		2FA920551FC3EFA9007312B7 /* Release */ = {
			isa = XCBuildConfiguration;
			buildSettings = {
				CLANG_ENABLE_MODULES = YES;
				CODE_SIGN_IDENTITY = "Mac Developer";
				CODE_SIGN_STYLE = Automatic;
				DEVELOPMENT_TEAM = NQS38S6PZY;
				LD_RUNPATH_SEARCH_PATHS = "$(inherited) @executable_path/../Frameworks @loader_path/../Frameworks";
				MACOSX_DEPLOYMENT_TARGET = 10.13;
				PRODUCT_NAME = "$(TARGET_NAME)";
				SDKROOT = macosx;
				SWIFT_VERSION = 4.0;
			};
			name = Release;
		};
		2FA920611FC3EFC1007312B7 /* Debug */ = {
			isa = XCBuildConfiguration;
			baseConfigurationReference = 55F613B29C5BB0B290EAD44C /* Pods-CleanArchitectureCLITests.debug.xcconfig */;
			buildSettings = {
				CLANG_ENABLE_MODULES = YES;
				CODE_SIGN_IDENTITY = "Mac Developer";
				CODE_SIGN_STYLE = Automatic;
				COMBINE_HIDPI_IMAGES = YES;
				DEVELOPMENT_TEAM = NQS38S6PZY;
				INFOPLIST_FILE = CleanArchitectureCLITests/Info.plist;
				LD_RUNPATH_SEARCH_PATHS = "$(inherited) @executable_path/../Frameworks @loader_path/../Frameworks";
				MACOSX_DEPLOYMENT_TARGET = 10.13;
				PRODUCT_BUNDLE_IDENTIFIER = io.13bit.CleanArchitectureCLITests;
				PRODUCT_NAME = "$(TARGET_NAME)";
				SDKROOT = macosx;
				SWIFT_OPTIMIZATION_LEVEL = "-Onone";
				SWIFT_VERSION = 4.0;
			};
			name = Debug;
		};
		2FA920621FC3EFC1007312B7 /* Release */ = {
			isa = XCBuildConfiguration;
			baseConfigurationReference = 857A414F861CCCC1DEF9A288 /* Pods-CleanArchitectureCLITests.release.xcconfig */;
			buildSettings = {
				CLANG_ENABLE_MODULES = YES;
				CODE_SIGN_IDENTITY = "Mac Developer";
				CODE_SIGN_STYLE = Automatic;
				COMBINE_HIDPI_IMAGES = YES;
				DEVELOPMENT_TEAM = NQS38S6PZY;
				INFOPLIST_FILE = CleanArchitectureCLITests/Info.plist;
				LD_RUNPATH_SEARCH_PATHS = "$(inherited) @executable_path/../Frameworks @loader_path/../Frameworks";
				MACOSX_DEPLOYMENT_TARGET = 10.13;
				PRODUCT_BUNDLE_IDENTIFIER = io.13bit.CleanArchitectureCLITests;
				PRODUCT_NAME = "$(TARGET_NAME)";
				SDKROOT = macosx;
				SWIFT_VERSION = 4.0;
			};
			name = Release;
		};
		2FC7013F1FC3DD3900368009 /* Debug */ = {
			isa = XCBuildConfiguration;
			buildSettings = {
				ALWAYS_SEARCH_USER_PATHS = NO;
				CLANG_ANALYZER_NONNULL = YES;
				CLANG_ANALYZER_NUMBER_OBJECT_CONVERSION = YES_AGGRESSIVE;
				CLANG_CXX_LANGUAGE_STANDARD = "gnu++14";
				CLANG_CXX_LIBRARY = "libc++";
				CLANG_ENABLE_MODULES = YES;
				CLANG_ENABLE_OBJC_ARC = YES;
				CLANG_WARN_BLOCK_CAPTURE_AUTORELEASING = YES;
				CLANG_WARN_BOOL_CONVERSION = YES;
				CLANG_WARN_COMMA = YES;
				CLANG_WARN_CONSTANT_CONVERSION = YES;
				CLANG_WARN_DIRECT_OBJC_ISA_USAGE = YES_ERROR;
				CLANG_WARN_DOCUMENTATION_COMMENTS = YES;
				CLANG_WARN_EMPTY_BODY = YES;
				CLANG_WARN_ENUM_CONVERSION = YES;
				CLANG_WARN_INFINITE_RECURSION = YES;
				CLANG_WARN_INT_CONVERSION = YES;
				CLANG_WARN_NON_LITERAL_NULL_CONVERSION = YES;
				CLANG_WARN_OBJC_LITERAL_CONVERSION = YES;
				CLANG_WARN_OBJC_ROOT_CLASS = YES_ERROR;
				CLANG_WARN_RANGE_LOOP_ANALYSIS = YES;
				CLANG_WARN_STRICT_PROTOTYPES = YES;
				CLANG_WARN_SUSPICIOUS_MOVE = YES;
				CLANG_WARN_UNGUARDED_AVAILABILITY = YES_AGGRESSIVE;
				CLANG_WARN_UNREACHABLE_CODE = YES;
				CLANG_WARN__DUPLICATE_METHOD_MATCH = YES;
				CODE_SIGN_IDENTITY = "iPhone Developer";
				COPY_PHASE_STRIP = NO;
				DEBUG_INFORMATION_FORMAT = dwarf;
				ENABLE_STRICT_OBJC_MSGSEND = YES;
				ENABLE_TESTABILITY = YES;
				GCC_C_LANGUAGE_STANDARD = gnu11;
				GCC_DYNAMIC_NO_PIC = NO;
				GCC_NO_COMMON_BLOCKS = YES;
				GCC_OPTIMIZATION_LEVEL = 0;
				GCC_PREPROCESSOR_DEFINITIONS = (
					"DEBUG=1",
					"$(inherited)",
				);
				GCC_WARN_64_TO_32_BIT_CONVERSION = YES;
				GCC_WARN_ABOUT_RETURN_TYPE = YES_ERROR;
				GCC_WARN_UNDECLARED_SELECTOR = YES;
				GCC_WARN_UNINITIALIZED_AUTOS = YES_AGGRESSIVE;
				GCC_WARN_UNUSED_FUNCTION = YES;
				GCC_WARN_UNUSED_VARIABLE = YES;
				IPHONEOS_DEPLOYMENT_TARGET = 11.1;
				MTL_ENABLE_DEBUG_INFO = YES;
				ONLY_ACTIVE_ARCH = YES;
				SDKROOT = iphoneos;
				SWIFT_ACTIVE_COMPILATION_CONDITIONS = DEBUG;
				SWIFT_OPTIMIZATION_LEVEL = "-Onone";
			};
			name = Debug;
		};
		2FC701401FC3DD3900368009 /* Release */ = {
			isa = XCBuildConfiguration;
			buildSettings = {
				ALWAYS_SEARCH_USER_PATHS = NO;
				CLANG_ANALYZER_NONNULL = YES;
				CLANG_ANALYZER_NUMBER_OBJECT_CONVERSION = YES_AGGRESSIVE;
				CLANG_CXX_LANGUAGE_STANDARD = "gnu++14";
				CLANG_CXX_LIBRARY = "libc++";
				CLANG_ENABLE_MODULES = YES;
				CLANG_ENABLE_OBJC_ARC = YES;
				CLANG_WARN_BLOCK_CAPTURE_AUTORELEASING = YES;
				CLANG_WARN_BOOL_CONVERSION = YES;
				CLANG_WARN_COMMA = YES;
				CLANG_WARN_CONSTANT_CONVERSION = YES;
				CLANG_WARN_DIRECT_OBJC_ISA_USAGE = YES_ERROR;
				CLANG_WARN_DOCUMENTATION_COMMENTS = YES;
				CLANG_WARN_EMPTY_BODY = YES;
				CLANG_WARN_ENUM_CONVERSION = YES;
				CLANG_WARN_INFINITE_RECURSION = YES;
				CLANG_WARN_INT_CONVERSION = YES;
				CLANG_WARN_NON_LITERAL_NULL_CONVERSION = YES;
				CLANG_WARN_OBJC_LITERAL_CONVERSION = YES;
				CLANG_WARN_OBJC_ROOT_CLASS = YES_ERROR;
				CLANG_WARN_RANGE_LOOP_ANALYSIS = YES;
				CLANG_WARN_STRICT_PROTOTYPES = YES;
				CLANG_WARN_SUSPICIOUS_MOVE = YES;
				CLANG_WARN_UNGUARDED_AVAILABILITY = YES_AGGRESSIVE;
				CLANG_WARN_UNREACHABLE_CODE = YES;
				CLANG_WARN__DUPLICATE_METHOD_MATCH = YES;
				CODE_SIGN_IDENTITY = "iPhone Developer";
				COPY_PHASE_STRIP = NO;
				DEBUG_INFORMATION_FORMAT = "dwarf-with-dsym";
				ENABLE_NS_ASSERTIONS = NO;
				ENABLE_STRICT_OBJC_MSGSEND = YES;
				GCC_C_LANGUAGE_STANDARD = gnu11;
				GCC_NO_COMMON_BLOCKS = YES;
				GCC_WARN_64_TO_32_BIT_CONVERSION = YES;
				GCC_WARN_ABOUT_RETURN_TYPE = YES_ERROR;
				GCC_WARN_UNDECLARED_SELECTOR = YES;
				GCC_WARN_UNINITIALIZED_AUTOS = YES_AGGRESSIVE;
				GCC_WARN_UNUSED_FUNCTION = YES;
				GCC_WARN_UNUSED_VARIABLE = YES;
				IPHONEOS_DEPLOYMENT_TARGET = 11.1;
				MTL_ENABLE_DEBUG_INFO = NO;
				SDKROOT = iphoneos;
				SWIFT_OPTIMIZATION_LEVEL = "-Owholemodule";
				VALIDATE_PRODUCT = YES;
			};
			name = Release;
		};
		2FC701421FC3DD3900368009 /* Debug */ = {
			isa = XCBuildConfiguration;
			buildSettings = {
				ASSETCATALOG_COMPILER_APPICON_NAME = AppIcon;
				CODE_SIGN_STYLE = Automatic;
				INFOPLIST_FILE = CleanArchitectureSample/Info.plist;
				LD_RUNPATH_SEARCH_PATHS = "$(inherited) @executable_path/Frameworks";
				PRODUCT_BUNDLE_IDENTIFIER = io.13bit.CleanArchitectureSample;
				PRODUCT_NAME = "$(TARGET_NAME)";
				SWIFT_VERSION = 4.0;
				TARGETED_DEVICE_FAMILY = "1,2";
			};
			name = Debug;
		};
		2FC701431FC3DD3900368009 /* Release */ = {
			isa = XCBuildConfiguration;
			buildSettings = {
				ASSETCATALOG_COMPILER_APPICON_NAME = AppIcon;
				CODE_SIGN_STYLE = Automatic;
				INFOPLIST_FILE = CleanArchitectureSample/Info.plist;
				LD_RUNPATH_SEARCH_PATHS = "$(inherited) @executable_path/Frameworks";
				PRODUCT_BUNDLE_IDENTIFIER = io.13bit.CleanArchitectureSample;
				PRODUCT_NAME = "$(TARGET_NAME)";
				SWIFT_VERSION = 4.0;
				TARGETED_DEVICE_FAMILY = "1,2";
			};
			name = Release;
		};
/* End XCBuildConfiguration section */

/* Begin XCConfigurationList section */
		2F0F89AF1FC3E0D000CBDBDE /* Build configuration list for PBXNativeTarget "CleanArchitectureSampleTests" */ = {
			isa = XCConfigurationList;
			buildConfigurations = (
				2F0F89AD1FC3E0D000CBDBDE /* Debug */,
				2F0F89AE1FC3E0D000CBDBDE /* Release */,
			);
			defaultConfigurationIsVisible = 0;
			defaultConfigurationName = Release;
		};
		2FA920561FC3EFA9007312B7 /* Build configuration list for PBXNativeTarget "CleanArchitectureCLI" */ = {
			isa = XCConfigurationList;
			buildConfigurations = (
				2FA920541FC3EFA9007312B7 /* Debug */,
				2FA920551FC3EFA9007312B7 /* Release */,
			);
			defaultConfigurationIsVisible = 0;
			defaultConfigurationName = Release;
		};
		2FA920601FC3EFC1007312B7 /* Build configuration list for PBXNativeTarget "CleanArchitectureCLITests" */ = {
			isa = XCConfigurationList;
			buildConfigurations = (
				2FA920611FC3EFC1007312B7 /* Debug */,
				2FA920621FC3EFC1007312B7 /* Release */,
			);
			defaultConfigurationIsVisible = 0;
			defaultConfigurationName = Release;
		};
		2FC7012A1FC3DD3900368009 /* Build configuration list for PBXProject "CleanArchitectureSample" */ = {
			isa = XCConfigurationList;
			buildConfigurations = (
				2FC7013F1FC3DD3900368009 /* Debug */,
				2FC701401FC3DD3900368009 /* Release */,
			);
			defaultConfigurationIsVisible = 0;
			defaultConfigurationName = Release;
		};
		2FC701411FC3DD3900368009 /* Build configuration list for PBXNativeTarget "CleanArchitectureSample" */ = {
			isa = XCConfigurationList;
			buildConfigurations = (
				2FC701421FC3DD3900368009 /* Debug */,
				2FC701431FC3DD3900368009 /* Release */,
			);
			defaultConfigurationIsVisible = 0;
			defaultConfigurationName = Release;
		};
/* End XCConfigurationList section */
	};
	rootObject = 2FC701271FC3DD3900368009 /* Project object */;
}
